
Microsoft Visual Studio Solution File, Format Version 12.00
# Visual Studio Version 17
VisualStudioVersion = 17.3.32929.385
MinimumVisualStudioVersion = 10.0.40219.1
Project("{9A19103F-16F7-4668-BE54-9A1E7A4F7556}") = "Global Game Jam 2024", "Global Game Jam 2024.csproj", "{2BB1130C-FEFA-4657-940F-E0C3E0BFA831}"
EndProject
Global
	GlobalSection(SolutionConfigurationPlatforms) = preSolution
		Debug|Any CPU = Debug|Any CPU
		ExportDebug|Any CPU = ExportDebug|Any CPU
		ExportRelease|Any CPU = ExportRelease|Any CPU
	EndGlobalSection
	GlobalSection(ProjectConfigurationPlatforms) = postSolution
		{2BB1130C-FEFA-4657-940F-E0C3E0BFA831}.Debug|Any CPU.ActiveCfg = Debug|Any CPU
		{2BB1130C-FEFA-4657-940F-E0C3E0BFA831}.Debug|Any CPU.Build.0 = Debug|Any CPU
		{2BB1130C-FEFA-4657-940F-E0C3E0BFA831}.ExportDebug|Any CPU.ActiveCfg = ExportDebug|Any CPU
		{2BB1130C-FEFA-4657-940F-E0C3E0BFA831}.ExportDebug|Any CPU.Build.0 = ExportDebug|Any CPU
		{2BB1130C-FEFA-4657-940F-E0C3E0BFA831}.ExportRelease|Any CPU.ActiveCfg = ExportRelease|Any CPU
		{2BB1130C-FEFA-4657-940F-E0C3E0BFA831}.ExportRelease|Any CPU.Build.0 = ExportRelease|Any CPU
	EndGlobalSection
	GlobalSection(SolutionProperties) = preSolution
		HideSolutionNode = FALSE
	EndGlobalSection
	GlobalSection(ExtensibilityGlobals) = postSolution
		SolutionGuid = {1F18D916-CE6F-47FC-BE0A-CDF369550A8E}
	EndGlobalSection
EndGlobal
